
Microsoft Visual Studio Solution File, Format Version 12.00
# Visual Studio Version 17
VisualStudioVersion = 17.11.35312.102
MinimumVisualStudioVersion = 10.0.40219.1
Project("{FAE04EC0-301F-11D3-BF4B-00C04F79EFBC}") = "Validacion de datos", "Validacion de datos\Validacion de datos.csproj", "{81A06402-BFBD-4A5D-9EA3-DD821AB48A28}"
EndProject
Global
	GlobalSection(SolutionConfigurationPlatforms) = preSolution
		Debug|Any CPU = Debug|Any CPU
		Release|Any CPU = Release|Any CPU
	EndGlobalSection
	GlobalSection(ProjectConfigurationPlatforms) = postSolution
		{81A06402-BFBD-4A5D-9EA3-DD821AB48A28}.Debug|Any CPU.ActiveCfg = Debug|Any CPU
		{81A06402-BFBD-4A5D-9EA3-DD821AB48A28}.Debug|Any CPU.Build.0 = Debug|Any CPU
		{81A06402-BFBD-4A5D-9EA3-DD821AB48A28}.Release|Any CPU.ActiveCfg = Release|Any CPU
		{81A06402-BFBD-4A5D-9EA3-DD821AB48A28}.Release|Any CPU.Build.0 = Release|Any CPU
	EndGlobalSection
	GlobalSection(SolutionProperties) = preSolution
		HideSolutionNode = FALSE
	EndGlobalSection
	GlobalSection(ExtensibilityGlobals) = postSolution
		SolutionGuid = {E9F7DDBE-7CC6-4E93-BB01-BBF2F26F18D2}
	EndGlobalSection
EndGlobal
